
Microsoft Visual Studio Solution File, Format Version 12.00
# Visual Studio Version 16
VisualStudioVersion = 16.0.31019.35
MinimumVisualStudioVersion = 10.0.40219.1
Project("{FAE04EC0-301F-11D3-BF4B-00C04F79EFBC}") = "TrackFittNumberTwo", "TrackFittNumberTwo\TrackFittNumberTwo.csproj", "{5C4D99D7-81A5-4123-A0F2-EEBB88E5D68A}"
EndProject
Project("{00D1A9C2-B5F0-4AF3-8072-F6C62B433612}") = "TrackFittDataBase", "..\..\..\Documents\GitHub\TrackFitt\TrackFitt-main\TrackFittApplication\TrackFittDataBase\TrackFittDataBase.sqlproj", "{1CFE1A40-198E-495C-8C95-EFAABD8F0569}"
EndProject
Global
	GlobalSection(SolutionConfigurationPlatforms) = preSolution
		Debug|Any CPU = Debug|Any CPU
		Release|Any CPU = Release|Any CPU
	EndGlobalSection
	GlobalSection(ProjectConfigurationPlatforms) = postSolution
		{5C4D99D7-81A5-4123-A0F2-EEBB88E5D68A}.Debug|Any CPU.ActiveCfg = Debug|Any CPU
		{5C4D99D7-81A5-4123-A0F2-EEBB88E5D68A}.Debug|Any CPU.Build.0 = Debug|Any CPU
		{5C4D99D7-81A5-4123-A0F2-EEBB88E5D68A}.Release|Any CPU.ActiveCfg = Release|Any CPU
		{5C4D99D7-81A5-4123-A0F2-EEBB88E5D68A}.Release|Any CPU.Build.0 = Release|Any CPU
		{1CFE1A40-198E-495C-8C95-EFAABD8F0569}.Debug|Any CPU.ActiveCfg = Debug|Any CPU
		{1CFE1A40-198E-495C-8C95-EFAABD8F0569}.Debug|Any CPU.Build.0 = Debug|Any CPU
		{1CFE1A40-198E-495C-8C95-EFAABD8F0569}.Debug|Any CPU.Deploy.0 = Debug|Any CPU
		{1CFE1A40-198E-495C-8C95-EFAABD8F0569}.Release|Any CPU.ActiveCfg = Release|Any CPU
		{1CFE1A40-198E-495C-8C95-EFAABD8F0569}.Release|Any CPU.Build.0 = Release|Any CPU
		{1CFE1A40-198E-495C-8C95-EFAABD8F0569}.Release|Any CPU.Deploy.0 = Release|Any CPU
	EndGlobalSection
	GlobalSection(SolutionProperties) = preSolution
		HideSolutionNode = FALSE
	EndGlobalSection
	GlobalSection(ExtensibilityGlobals) = postSolution
		SolutionGuid = {CF7BD554-7582-4DCA-AEA1-A4E0993B73F4}
	EndGlobalSection
EndGlobal
